
Microsoft Visual Studio Solution File, Format Version 12.00
# Visual Studio Version 16
VisualStudioVersion = 16.0.31112.23
MinimumVisualStudioVersion = 10.0.40219.1
Project("{FAE04EC0-301F-11D3-BF4B-00C04F79EFBC}") = "Point", "Point\Point.csproj", "{AEDC1713-E177-4165-B6BA-23C4D860446C}"
EndProject
Global
	GlobalSection(SolutionConfigurationPlatforms) = preSolution
		Debug|Any CPU = Debug|Any CPU
		Release|Any CPU = Release|Any CPU
	EndGlobalSection
	GlobalSection(ProjectConfigurationPlatforms) = postSolution
		{AEDC1713-E177-4165-B6BA-23C4D860446C}.Debug|Any CPU.ActiveCfg = Debug|Any CPU
		{AEDC1713-E177-4165-B6BA-23C4D860446C}.Debug|Any CPU.Build.0 = Debug|Any CPU
		{AEDC1713-E177-4165-B6BA-23C4D860446C}.Release|Any CPU.ActiveCfg = Release|Any CPU
		{AEDC1713-E177-4165-B6BA-23C4D860446C}.Release|Any CPU.Build.0 = Release|Any CPU
	EndGlobalSection
	GlobalSection(SolutionProperties) = preSolution
		HideSolutionNode = FALSE
	EndGlobalSection
	GlobalSection(ExtensibilityGlobals) = postSolution
		SolutionGuid = {490DD343-279C-44DA-8E81-C2A3852D7E89}
	EndGlobalSection
EndGlobal
